// !$*UTF8*$!
{
	archiveVersion = 1;
	classes = {
	};
	objectVersion = 55;
	objects = {

/* Begin PBXBuildFile section */
		663E955E28EBDDA800B25156 /* AppDelegate.swift in Sources */ = {isa = PBXBuildFile; fileRef = 663E955D28EBDDA800B25156 /* AppDelegate.swift */; };
		663E956028EBDDA800B25156 /* SceneDelegate.swift in Sources */ = {isa = PBXBuildFile; fileRef = 663E955F28EBDDA800B25156 /* SceneDelegate.swift */; };
		663E956228EBDDA800B25156 /* ViewController.swift in Sources */ = {isa = PBXBuildFile; fileRef = 663E956128EBDDA800B25156 /* ViewController.swift */; };
		663E956528EBDDA800B25156 /* Main.storyboard in Resources */ = {isa = PBXBuildFile; fileRef = 663E956328EBDDA800B25156 /* Main.storyboard */; };
		663E956728EBDDA900B25156 /* Assets.xcassets in Resources */ = {isa = PBXBuildFile; fileRef = 663E956628EBDDA900B25156 /* Assets.xcassets */; };
		663E956A28EBDDA900B25156 /* LaunchScreen.storyboard in Resources */ = {isa = PBXBuildFile; fileRef = 663E956828EBDDA900B25156 /* LaunchScreen.storyboard */; };
		663E957528EBDDA900B25156 /* MelfImageProcessTests.swift in Sources */ = {isa = PBXBuildFile; fileRef = 663E957428EBDDA900B25156 /* MelfImageProcessTests.swift */; };
		663E957F28EBDDA900B25156 /* MelfImageProcessUITests.swift in Sources */ = {isa = PBXBuildFile; fileRef = 663E957E28EBDDA900B25156 /* MelfImageProcessUITests.swift */; };
		663E958128EBDDA900B25156 /* MelfImageProcessUITestsLaunchTests.swift in Sources */ = {isa = PBXBuildFile; fileRef = 663E958028EBDDA900B25156 /* MelfImageProcessUITestsLaunchTests.swift */; };
/* End PBXBuildFile section */

/* Begin PBXContainerItemProxy section */
		663E957128EBDDA900B25156 /* PBXContainerItemProxy */ = {
			isa = PBXContainerItemProxy;
			containerPortal = 663E955228EBDDA700B25156 /* Project object */;
			proxyType = 1;
			remoteGlobalIDString = 663E955928EBDDA800B25156;
			remoteInfo = MelfImageProcess;
		};
		663E957B28EBDDA900B25156 /* PBXContainerItemProxy */ = {
			isa = PBXContainerItemProxy;
			containerPortal = 663E955228EBDDA700B25156 /* Project object */;
			proxyType = 1;
			remoteGlobalIDString = 663E955928EBDDA800B25156;
			remoteInfo = MelfImageProcess;
		};
/* End PBXContainerItemProxy section */

/* Begin PBXFileReference section */
		663E955A28EBDDA800B25156 /* MelfImageProcess.app */ = {isa = PBXFileReference; explicitFileType = wrapper.application; includeInIndex = 0; path = MelfImageProcess.app; sourceTree = BUILT_PRODUCTS_DIR; };
		663E955D28EBDDA800B25156 /* AppDelegate.swift */ = {isa = PBXFileReference; lastKnownFileType = sourcecode.swift; path = AppDelegate.swift; sourceTree = "<group>"; };
		663E955F28EBDDA800B25156 /* SceneDelegate.swift */ = {isa = PBXFileReference; lastKnownFileType = sourcecode.swift; path = SceneDelegate.swift; sourceTree = "<group>"; };
		663E956128EBDDA800B25156 /* ViewController.swift */ = {isa = PBXFileReference; lastKnownFileType = sourcecode.swift; path = ViewController.swift; sourceTree = "<group>"; };
		663E956428EBDDA800B25156 /* Base */ = {isa = PBXFileReference; lastKnownFileType = file.storyboard; name = Base; path = Base.lproj/Main.storyboard; sourceTree = "<group>"; };
		663E956628EBDDA900B25156 /* Assets.xcassets */ = {isa = PBXFileReference; lastKnownFileType = folder.assetcatalog; path = Assets.xcassets; sourceTree = "<group>"; };
		663E956928EBDDA900B25156 /* Base */ = {isa = PBXFileReference; lastKnownFileType = file.storyboard; name = Base; path = Base.lproj/LaunchScreen.storyboard; sourceTree = "<group>"; };
		663E956B28EBDDA900B25156 /* Info.plist */ = {isa = PBXFileReference; lastKnownFileType = text.plist.xml; path = Info.plist; sourceTree = "<group>"; };
		663E957028EBDDA900B25156 /* MelfImageProcessTests.xctest */ = {isa = PBXFileReference; explicitFileType = wrapper.cfbundle; includeInIndex = 0; path = MelfImageProcessTests.xctest; sourceTree = BUILT_PRODUCTS_DIR; };
		663E957428EBDDA900B25156 /* MelfImageProcessTests.swift */ = {isa = PBXFileReference; lastKnownFileType = sourcecode.swift; path = MelfImageProcessTests.swift; sourceTree = "<group>"; };
		663E957A28EBDDA900B25156 /* MelfImageProcessUITests.xctest */ = {isa = PBXFileReference; explicitFileType = wrapper.cfbundle; includeInIndex = 0; path = MelfImageProcessUITests.xctest; sourceTree = BUILT_PRODUCTS_DIR; };
		663E957E28EBDDA900B25156 /* MelfImageProcessUITests.swift */ = {isa = PBXFileReference; lastKnownFileType = sourcecode.swift; path = MelfImageProcessUITests.swift; sourceTree = "<group>"; };
		663E958028EBDDA900B25156 /* MelfImageProcessUITestsLaunchTests.swift */ = {isa = PBXFileReference; lastKnownFileType = sourcecode.swift; path = MelfImageProcessUITestsLaunchTests.swift; sourceTree = "<group>"; };
/* End PBXFileReference section */

/* Begin PBXFrameworksBuildPhase section */
		663E955728EBDDA800B25156 /* Frameworks */ = {
			isa = PBXFrameworksBuildPhase;
			buildActionMask = 2147483647;
			files = (
			);
			runOnlyForDeploymentPostprocessing = 0;
		};
		663E956D28EBDDA900B25156 /* Frameworks */ = {
			isa = PBXFrameworksBuildPhase;
			buildActionMask = 2147483647;
			files = (
			);
			runOnlyForDeploymentPostprocessing = 0;
		};
		663E957728EBDDA900B25156 /* Frameworks */ = {
			isa = PBXFrameworksBuildPhase;
			buildActionMask = 2147483647;
			files = (
			);
			runOnlyForDeploymentPostprocessing = 0;
		};
/* End PBXFrameworksBuildPhase section */

/* Begin PBXGroup section */
		663E955128EBDDA700B25156 = {
			isa = PBXGroup;
			children = (
				663E955C28EBDDA800B25156 /* MelfImageProcess */,
				663E957328EBDDA900B25156 /* MelfImageProcessTests */,
				663E957D28EBDDA900B25156 /* MelfImageProcessUITests */,
				663E955B28EBDDA800B25156 /* Products */,
			);
			sourceTree = "<group>";
		};
		663E955B28EBDDA800B25156 /* Products */ = {
			isa = PBXGroup;
			children = (
				663E955A28EBDDA800B25156 /* MelfImageProcess.app */,
				663E957028EBDDA900B25156 /* MelfImageProcessTests.xctest */,
				663E957A28EBDDA900B25156 /* MelfImageProcessUITests.xctest */,
			);
			name = Products;
			sourceTree = "<group>";
		};
		663E955C28EBDDA800B25156 /* MelfImageProcess */ = {
			isa = PBXGroup;
			children = (
				663E955D28EBDDA800B25156 /* AppDelegate.swift */,
				663E955F28EBDDA800B25156 /* SceneDelegate.swift */,
				663E956128EBDDA800B25156 /* ViewController.swift */,
				663E956328EBDDA800B25156 /* Main.storyboard */,
				663E956628EBDDA900B25156 /* Assets.xcassets */,
				663E956828EBDDA900B25156 /* LaunchScreen.storyboard */,
				663E956B28EBDDA900B25156 /* Info.plist */,
			);
			path = MelfImageProcess;
			sourceTree = "<group>";
		};
		663E957328EBDDA900B25156 /* MelfImageProcessTests */ = {
			isa = PBXGroup;
			children = (
				663E957428EBDDA900B25156 /* MelfImageProcessTests.swift */,
			);
			path = MelfImageProcessTests;
			sourceTree = "<group>";
		};
		663E957D28EBDDA900B25156 /* MelfImageProcessUITests */ = {
			isa = PBXGroup;
			children = (
				663E957E28EBDDA900B25156 /* MelfImageProcessUITests.swift */,
				663E958028EBDDA900B25156 /* MelfImageProcessUITestsLaunchTests.swift */,
			);
			path = MelfImageProcessUITests;
			sourceTree = "<group>";
		};
/* End PBXGroup section */

/* Begin PBXNativeTarget section */
		663E955928EBDDA800B25156 /* MelfImageProcess */ = {
			isa = PBXNativeTarget;
			buildConfigurationList = 663E958428EBDDA900B25156 /* Build configuration list for PBXNativeTarget "MelfImageProcess" */;
			buildPhases = (
				663E955628EBDDA800B25156 /* Sources */,
				663E955728EBDDA800B25156 /* Frameworks */,
				663E955828EBDDA800B25156 /* Resources */,
			);
			buildRules = (
			);
			dependencies = (
			);
			name = MelfImageProcess;
			productName = MelfImageProcess;
			productReference = 663E955A28EBDDA800B25156 /* MelfImageProcess.app */;
			productType = "com.apple.product-type.application";
		};
		663E956F28EBDDA900B25156 /* MelfImageProcessTests */ = {
			isa = PBXNativeTarget;
			buildConfigurationList = 663E958728EBDDA900B25156 /* Build configuration list for PBXNativeTarget "MelfImageProcessTests" */;
			buildPhases = (
				663E956C28EBDDA900B25156 /* Sources */,
				663E956D28EBDDA900B25156 /* Frameworks */,
				663E956E28EBDDA900B25156 /* Resources */,
			);
			buildRules = (
			);
			dependencies = (
				663E957228EBDDA900B25156 /* PBXTargetDependency */,
			);
			name = MelfImageProcessTests;
			productName = MelfImageProcessTests;
			productReference = 663E957028EBDDA900B25156 /* MelfImageProcessTests.xctest */;
			productType = "com.apple.product-type.bundle.unit-test";
		};
		663E957928EBDDA900B25156 /* MelfImageProcessUITests */ = {
			isa = PBXNativeTarget;
			buildConfigurationList = 663E958A28EBDDA900B25156 /* Build configuration list for PBXNativeTarget "MelfImageProcessUITests" */;
			buildPhases = (
				663E957628EBDDA900B25156 /* Sources */,
				663E957728EBDDA900B25156 /* Frameworks */,
				663E957828EBDDA900B25156 /* Resources */,
			);
			buildRules = (
			);
			dependencies = (
				663E957C28EBDDA900B25156 /* PBXTargetDependency */,
			);
			name = MelfImageProcessUITests;
			productName = MelfImageProcessUITests;
			productReference = 663E957A28EBDDA900B25156 /* MelfImageProcessUITests.xctest */;
			productType = "com.apple.product-type.bundle.ui-testing";
		};
/* End PBXNativeTarget section */

/* Begin PBXProject section */
		663E955228EBDDA700B25156 /* Project object */ = {
			isa = PBXProject;
			attributes = {
				BuildIndependentTargetsInParallel = 1;
				LastSwiftUpdateCheck = 1340;
				LastUpgradeCheck = 1340;
				TargetAttributes = {
					663E955928EBDDA800B25156 = {
						CreatedOnToolsVersion = 13.4.1;
					};
					663E956F28EBDDA900B25156 = {
						CreatedOnToolsVersion = 13.4.1;
						TestTargetID = 663E955928EBDDA800B25156;
					};
					663E957928EBDDA900B25156 = {
						CreatedOnToolsVersion = 13.4.1;
						TestTargetID = 663E955928EBDDA800B25156;
					};
				};
			};
			buildConfigurationList = 663E955528EBDDA700B25156 /* Build configuration list for PBXProject "MelfImageProcess" */;
			compatibilityVersion = "Xcode 13.0";
			developmentRegion = en;
			hasScannedForEncodings = 0;
			knownRegions = (
				en,
				Base,
			);
			mainGroup = 663E955128EBDDA700B25156;
			productRefGroup = 663E955B28EBDDA800B25156 /* Products */;
			projectDirPath = "";
			projectRoot = "";
			targets = (
				663E955928EBDDA800B25156 /* MelfImageProcess */,
				663E956F28EBDDA900B25156 /* MelfImageProcessTests */,
				663E957928EBDDA900B25156 /* MelfImageProcessUITests */,
			);
		};
/* End PBXProject section */

/* Begin PBXResourcesBuildPhase section */
		663E955828EBDDA800B25156 /* Resources */ = {
			isa = PBXResourcesBuildPhase;
			buildActionMask = 2147483647;
			files = (
				663E956A28EBDDA900B25156 /* LaunchScreen.storyboard in Resources */,
				663E956728EBDDA900B25156 /* Assets.xcassets in Resources */,
				663E956528EBDDA800B25156 /* Main.storyboard in Resources */,
			);
			runOnlyForDeploymentPostprocessing = 0;
		};
		663E956E28EBDDA900B25156 /* Resources */ = {
			isa = PBXResourcesBuildPhase;
			buildActionMask = 2147483647;
			files = (
			);
			runOnlyForDeploymentPostprocessing = 0;
		};
		663E957828EBDDA900B25156 /* Resources */ = {
			isa = PBXResourcesBuildPhase;
			buildActionMask = 2147483647;
			files = (
			);
			runOnlyForDeploymentPostprocessing = 0;
		};
/* End PBXResourcesBuildPhase section */

/* Begin PBXSourcesBuildPhase section */
		663E955628EBDDA800B25156 /* Sources */ = {
			isa = PBXSourcesBuildPhase;
			buildActionMask = 2147483647;
			files = (
				663E956228EBDDA800B25156 /* ViewController.swift in Sources */,
				663E955E28EBDDA800B25156 /* AppDelegate.swift in Sources */,
				663E956028EBDDA800B25156 /* SceneDelegate.swift in Sources */,
			);
			runOnlyForDeploymentPostprocessing = 0;
		};
		663E956C28EBDDA900B25156 /* Sources */ = {
			isa = PBXSourcesBuildPhase;
			buildActionMask = 2147483647;
			files = (
				663E957528EBDDA900B25156 /* MelfImageProcessTests.swift in Sources */,
			);
			runOnlyForDeploymentPostprocessing = 0;
		};
		663E957628EBDDA900B25156 /* Sources */ = {
			isa = PBXSourcesBuildPhase;
			buildActionMask = 2147483647;
			files = (
				663E958128EBDDA900B25156 /* MelfImageProcessUITestsLaunchTests.swift in Sources */,
				663E957F28EBDDA900B25156 /* MelfImageProcessUITests.swift in Sources */,
			);
			runOnlyForDeploymentPostprocessing = 0;
		};
/* End PBXSourcesBuildPhase section */

/* Begin PBXTargetDependency section */
		663E957228EBDDA900B25156 /* PBXTargetDependency */ = {
			isa = PBXTargetDependency;
			target = 663E955928EBDDA800B25156 /* MelfImageProcess */;
			targetProxy = 663E957128EBDDA900B25156 /* PBXContainerItemProxy */;
		};
		663E957C28EBDDA900B25156 /* PBXTargetDependency */ = {
			isa = PBXTargetDependency;
			target = 663E955928EBDDA800B25156 /* MelfImageProcess */;
			targetProxy = 663E957B28EBDDA900B25156 /* PBXContainerItemProxy */;
		};
/* End PBXTargetDependency section */

/* Begin PBXVariantGroup section */
		663E956328EBDDA800B25156 /* Main.storyboard */ = {
			isa = PBXVariantGroup;
			children = (
				663E956428EBDDA800B25156 /* Base */,
			);
			name = Main.storyboard;
			sourceTree = "<group>";
		};
		663E956828EBDDA900B25156 /* LaunchScreen.storyboard */ = {
			isa = PBXVariantGroup;
			children = (
				663E956928EBDDA900B25156 /* Base */,
			);
			name = LaunchScreen.storyboard;
			sourceTree = "<group>";
		};
/* End PBXVariantGroup section */

/* Begin XCBuildConfiguration section */
		663E958228EBDDA900B25156 /* Debug */ = {
			isa = XCBuildConfiguration;
			buildSettings = {
				ALWAYS_SEARCH_USER_PATHS = NO;
				CLANG_ANALYZER_NONNULL = YES;
				CLANG_ANALYZER_NUMBER_OBJECT_CONVERSION = YES_AGGRESSIVE;
				CLANG_CXX_LANGUAGE_STANDARD = "gnu++17";
				CLANG_ENABLE_MODULES = YES;
				CLANG_ENABLE_OBJC_ARC = YES;
				CLANG_ENABLE_OBJC_WEAK = YES;
				CLANG_WARN_BLOCK_CAPTURE_AUTORELEASING = YES;
				CLANG_WARN_BOOL_CONVERSION = YES;
				CLANG_WARN_COMMA = YES;
				CLANG_WARN_CONSTANT_CONVERSION = YES;
				CLANG_WARN_DEPRECATED_OBJC_IMPLEMENTATIONS = YES;
				CLANG_WARN_DIRECT_OBJC_ISA_USAGE = YES_ERROR;
				CLANG_WARN_DOCUMENTATION_COMMENTS = YES;
				CLANG_WARN_EMPTY_BODY = YES;
				CLANG_WARN_ENUM_CONVERSION = YES;
				CLANG_WARN_INFINITE_RECURSION = YES;
				CLANG_WARN_INT_CONVERSION = YES;
				CLANG_WARN_NON_LITERAL_NULL_CONVERSION = YES;
				CLANG_WARN_OBJC_IMPLICIT_RETAIN_SELF = YES;
				CLANG_WARN_OBJC_LITERAL_CONVERSION = YES;
				CLANG_WARN_OBJC_ROOT_CLASS = YES_ERROR;
				CLANG_WARN_QUOTED_INCLUDE_IN_FRAMEWORK_HEADER = YES;
				CLANG_WARN_RANGE_LOOP_ANALYSIS = YES;
				CLANG_WARN_STRICT_PROTOTYPES = YES;
				CLANG_WARN_SUSPICIOUS_MOVE = YES;
				CLANG_WARN_UNGUARDED_AVAILABILITY = YES_AGGRESSIVE;
				CLANG_WARN_UNREACHABLE_CODE = YES;
				CLANG_WARN__DUPLICATE_METHOD_MATCH = YES;
				COPY_PHASE_STRIP = NO;
				DEBUG_INFORMATION_FORMAT = dwarf;
				ENABLE_STRICT_OBJC_MSGSEND = YES;
				ENABLE_TESTABILITY = YES;
				GCC_C_LANGUAGE_STANDARD = gnu11;
				GCC_DYNAMIC_NO_PIC = NO;
				GCC_NO_COMMON_BLOCKS = YES;
				GCC_OPTIMIZATION_LEVEL = 0;
				GCC_PREPROCESSOR_DEFINITIONS = (
					"DEBUG=1",
					"$(inherited)",
				);
				GCC_WARN_64_TO_32_BIT_CONVERSION = YES;
				GCC_WARN_ABOUT_RETURN_TYPE = YES_ERROR;
				GCC_WARN_UNDECLARED_SELECTOR = YES;
				GCC_WARN_UNINITIALIZED_AUTOS = YES_AGGRESSIVE;
				GCC_WARN_UNUSED_FUNCTION = YES;
				GCC_WARN_UNUSED_VARIABLE = YES;
				IPHONEOS_DEPLOYMENT_TARGET = 15.5;
				MTL_ENABLE_DEBUG_INFO = INCLUDE_SOURCE;
				MTL_FAST_MATH = YES;
				ONLY_ACTIVE_ARCH = YES;
				SDKROOT = iphoneos;
				SWIFT_ACTIVE_COMPILATION_CONDITIONS = DEBUG;
				SWIFT_OPTIMIZATION_LEVEL = "-Onone";
			};
			name = Debug;
		};
		663E958328EBDDA900B25156 /* Release */ = {
			isa = XCBuildConfiguration;
			buildSettings = {
				ALWAYS_SEARCH_USER_PATHS = NO;
				CLANG_ANALYZER_NONNULL = YES;
				CLANG_ANALYZER_NUMBER_OBJECT_CONVERSION = YES_AGGRESSIVE;
				CLANG_CXX_LANGUAGE_STANDARD = "gnu++17";
				CLANG_ENABLE_MODULES = YES;
				CLANG_ENABLE_OBJC_ARC = YES;
				CLANG_ENABLE_OBJC_WEAK = YES;
				CLANG_WARN_BLOCK_CAPTURE_AUTORELEASING = YES;
				CLANG_WARN_BOOL_CONVERSION = YES;
				CLANG_WARN_COMMA = YES;
				CLANG_WARN_CONSTANT_CONVERSION = YES;
				CLANG_WARN_DEPRECATED_OBJC_IMPLEMENTATIONS = YES;
				CLANG_WARN_DIRECT_OBJC_ISA_USAGE = YES_ERROR;
				CLANG_WARN_DOCUMENTATION_COMMENTS = YES;
				CLANG_WARN_EMPTY_BODY = YES;
				CLANG_WARN_ENUM_CONVERSION = YES;
				CLANG_WARN_INFINITE_RECURSION = YES;
				CLANG_WARN_INT_CONVERSION = YES;
				CLANG_WARN_NON_LITERAL_NULL_CONVERSION = YES;
				CLANG_WARN_OBJC_IMPLICIT_RETAIN_SELF = YES;
				CLANG_WARN_OBJC_LITERAL_CONVERSION = YES;
				CLANG_WARN_OBJC_ROOT_CLASS = YES_ERROR;
				CLANG_WARN_QUOTED_INCLUDE_IN_FRAMEWORK_HEADER = YES;
				CLANG_WARN_RANGE_LOOP_ANALYSIS = YES;
				CLANG_WARN_STRICT_PROTOTYPES = YES;
				CLANG_WARN_SUSPICIOUS_MOVE = YES;
				CLANG_WARN_UNGUARDED_AVAILABILITY = YES_AGGRESSIVE;
				CLANG_WARN_UNREACHABLE_CODE = YES;
				CLANG_WARN__DUPLICATE_METHOD_MATCH = YES;
				COPY_PHASE_STRIP = NO;
				DEBUG_INFORMATION_FORMAT = "dwarf-with-dsym";
				ENABLE_NS_ASSERTIONS = NO;
				ENABLE_STRICT_OBJC_MSGSEND = YES;
				GCC_C_LANGUAGE_STANDARD = gnu11;
				GCC_NO_COMMON_BLOCKS = YES;
				GCC_WARN_64_TO_32_BIT_CONVERSION = YES;
				GCC_WARN_ABOUT_RETURN_TYPE = YES_ERROR;
				GCC_WARN_UNDECLARED_SELECTOR = YES;
				GCC_WARN_UNINITIALIZED_AUTOS = YES_AGGRESSIVE;
				GCC_WARN_UNUSED_FUNCTION = YES;
				GCC_WARN_UNUSED_VARIABLE = YES;
				IPHONEOS_DEPLOYMENT_TARGET = 15.5;
				MTL_ENABLE_DEBUG_INFO = NO;
				MTL_FAST_MATH = YES;
				SDKROOT = iphoneos;
				SWIFT_COMPILATION_MODE = wholemodule;
				SWIFT_OPTIMIZATION_LEVEL = "-O";
				VALIDATE_PRODUCT = YES;
			};
			name = Release;
		};
		663E958528EBDDA900B25156 /* Debug */ = {
			isa = XCBuildConfiguration;
			buildSettings = {
				ASSETCATALOG_COMPILER_APPICON_NAME = AppIcon;
				ASSETCATALOG_COMPILER_GLOBAL_ACCENT_COLOR_NAME = AccentColor;
				CODE_SIGN_STYLE = Automatic;
				CURRENT_PROJECT_VERSION = 1;
				DEVELOPMENT_TEAM = 8F27AJ65NP;
				GENERATE_INFOPLIST_FILE = YES;
				INFOPLIST_FILE = MelfImageProcess/Info.plist;
				INFOPLIST_KEY_UIApplicationSupportsIndirectInputEvents = YES;
				INFOPLIST_KEY_UILaunchStoryboardName = LaunchScreen;
				INFOPLIST_KEY_UIMainStoryboardFile = Main;
				INFOPLIST_KEY_UISupportedInterfaceOrientations_iPad = "UIInterfaceOrientationPortrait UIInterfaceOrientationPortraitUpsideDown UIInterfaceOrientationLandscapeLeft UIInterfaceOrientationLandscapeRight";
				INFOPLIST_KEY_UISupportedInterfaceOrientations_iPhone = "UIInterfaceOrientationPortrait UIInterfaceOrientationLandscapeLeft UIInterfaceOrientationLandscapeRight";
				LD_RUNPATH_SEARCH_PATHS = (
					"$(inherited)",
					"@executable_path/Frameworks",
				);
				MARKETING_VERSION = 1.0;
				PRODUCT_BUNDLE_IDENTIFIER = com.yuejingling.MelfImageProcess;
				PRODUCT_NAME = "$(TARGET_NAME)";
				SWIFT_EMIT_LOC_STRINGS = YES;
				SWIFT_VERSION = 5.0;
				TARGETED_DEVICE_FAMILY = "1,2";
			};
			name = Debug;
		};
		663E958628EBDDA900B25156 /* Release */ = {
			isa = XCBuildConfiguration;
			buildSettings = {
				ASSETCATALOG_COMPILER_APPICON_NAME = AppIcon;
				ASSETCATALOG_COMPILER_GLOBAL_ACCENT_COLOR_NAME = AccentColor;
				CODE_SIGN_STYLE = Automatic;
				CURRENT_PROJECT_VERSION = 1;
				DEVELOPMENT_TEAM = 8F27AJ65NP;
				GENERATE_INFOPLIST_FILE = YES;
				INFOPLIST_FILE = MelfImageProcess/Info.plist;
				INFOPLIST_KEY_UIApplicationSupportsIndirectInputEvents = YES;
				INFOPLIST_KEY_UILaunchStoryboardName = LaunchScreen;
				INFOPLIST_KEY_UIMainStoryboardFile = Main;
				INFOPLIST_KEY_UISupportedInterfaceOrientations_iPad = "UIInterfaceOrientationPortrait UIInterfaceOrientationPortraitUpsideDown UIInterfaceOrientationLandscapeLeft UIInterfaceOrientationLandscapeRight";
				INFOPLIST_KEY_UISupportedInterfaceOrientations_iPhone = "UIInterfaceOrientationPortrait UIInterfaceOrientationLandscapeLeft UIInterfaceOrientationLandscapeRight";
				LD_RUNPATH_SEARCH_PATHS = (
					"$(inherited)",
					"@executable_path/Frameworks",
				);
				MARKETING_VERSION = 1.0;
				PRODUCT_BUNDLE_IDENTIFIER = com.yuejingling.MelfImageProcess;
				PRODUCT_NAME = "$(TARGET_NAME)";
				SWIFT_EMIT_LOC_STRINGS = YES;
				SWIFT_VERSION = 5.0;
				TARGETED_DEVICE_FAMILY = "1,2";
			};
			name = Release;
		};
		663E958828EBDDA900B25156 /* Debug */ = {
			isa = XCBuildConfiguration;
			buildSettings = {
				ALWAYS_EMBED_SWIFT_STANDARD_LIBRARIES = YES;
				BUNDLE_LOADER = "$(TEST_HOST)";
				CODE_SIGN_STYLE = Automatic;
				CURRENT_PROJECT_VERSION = 1;
				DEVELOPMENT_TEAM = 8F27AJ65NP;
				GENERATE_INFOPLIST_FILE = YES;
				IPHONEOS_DEPLOYMENT_TARGET = 15.5;
				MARKETING_VERSION = 1.0;
				PRODUCT_BUNDLE_IDENTIFIER = com.yuejingling.MelfImageProcessTests;
				PRODUCT_NAME = "$(TARGET_NAME)";
				SWIFT_EMIT_LOC_STRINGS = NO;
				SWIFT_VERSION = 5.0;
				TARGETED_DEVICE_FAMILY = "1,2";
				TEST_HOST = "$(BUILT_PRODUCTS_DIR)/MelfImageProcess.app/MelfImageProcess";
			};
			name = Debug;
		};
		663E958928EBDDA900B25156 /* Release */ = {
			isa = XCBuildConfiguration;
			buildSettings = {
				ALWAYS_EMBED_SWIFT_STANDARD_LIBRARIES = YES;
				BUNDLE_LOADER = "$(TEST_HOST)";
				CODE_SIGN_STYLE = Automatic;
				CURRENT_PROJECT_VERSION = 1;
				DEVELOPMENT_TEAM = 8F27AJ65NP;
				GENERATE_INFOPLIST_FILE = YES;
				IPHONEOS_DEPLOYMENT_TARGET = 15.5;
				MARKETING_VERSION = 1.0;
				PRODUCT_BUNDLE_IDENTIFIER = com.yuejingling.MelfImageProcessTests;
				PRODUCT_NAME = "$(TARGET_NAME)";
				SWIFT_EMIT_LOC_STRINGS = NO;
				SWIFT_VERSION = 5.0;
				TARGETED_DEVICE_FAMILY = "1,2";
				TEST_HOST = "$(BUILT_PRODUCTS_DIR)/MelfImageProcess.app/MelfImageProcess";
			};
			name = Release;
		};
		663E958B28EBDDA900B25156 /* Debug */ = {
			isa = XCBuildConfiguration;
			buildSettings = {
				ALWAYS_EMBED_SWIFT_STANDARD_LIBRARIES = YES;
				CODE_SIGN_STYLE = Automatic;
				CURRENT_PROJECT_VERSION = 1;
				DEVELOPMENT_TEAM = 8F27AJ65NP;
				GENERATE_INFOPLIST_FILE = YES;
				MARKETING_VERSION = 1.0;
				PRODUCT_BUNDLE_IDENTIFIER = com.yuejingling.MelfImageProcessUITests;
				PRODUCT_NAME = "$(TARGET_NAME)";
				SWIFT_EMIT_LOC_STRINGS = NO;
				SWIFT_VERSION = 5.0;
				TARGETED_DEVICE_FAMILY = "1,2";
				TEST_TARGET_NAME = MelfImageProcess;
			};
			name = Debug;
		};
		663E958C28EBDDA900B25156 /* Release */ = {
			isa = XCBuildConfiguration;
			buildSettings = {
				ALWAYS_EMBED_SWIFT_STANDARD_LIBRARIES = YES;
				CODE_SIGN_STYLE = Automatic;
				CURRENT_PROJECT_VERSION = 1;
				DEVELOPMENT_TEAM = 8F27AJ65NP;
				GENERATE_INFOPLIST_FILE = YES;
				MARKETING_VERSION = 1.0;
				PRODUCT_BUNDLE_IDENTIFIER = com.yuejingling.MelfImageProcessUITests;
				PRODUCT_NAME = "$(TARGET_NAME)";
				SWIFT_EMIT_LOC_STRINGS = NO;
				SWIFT_VERSION = 5.0;
				TARGETED_DEVICE_FAMILY = "1,2";
				TEST_TARGET_NAME = MelfImageProcess;
			};
			name = Release;
		};
/* End XCBuildConfiguration section */

/* Begin XCConfigurationList section */
		663E955528EBDDA700B25156 /* Build configuration list for PBXProject "MelfImageProcess" */ = {
			isa = XCConfigurationList;
			buildConfigurations = (
				663E958228EBDDA900B25156 /* Debug */,
				663E958328EBDDA900B25156 /* Release */,
			);
			defaultConfigurationIsVisible = 0;
			defaultConfigurationName = Release;
		};
		663E958428EBDDA900B25156 /* Build configuration list for PBXNativeTarget "MelfImageProcess" */ = {
			isa = XCConfigurationList;
			buildConfigurations = (
				663E958528EBDDA900B25156 /* Debug */,
				663E958628EBDDA900B25156 /* Release */,
			);
			defaultConfigurationIsVisible = 0;
			defaultConfigurationName = Release;
		};
		663E958728EBDDA900B25156 /* Build configuration list for PBXNativeTarget "MelfImageProcessTests" */ = {
			isa = XCConfigurationList;
			buildConfigurations = (
				663E958828EBDDA900B25156 /* Debug */,
				663E958928EBDDA900B25156 /* Release */,
			);
			defaultConfigurationIsVisible = 0;
			defaultConfigurationName = Release;
		};
		663E958A28EBDDA900B25156 /* Build configuration list for PBXNativeTarget "MelfImageProcessUITests" */ = {
			isa = XCConfigurationList;
			buildConfigurations = (
				663E958B28EBDDA900B25156 /* Debug */,
				663E958C28EBDDA900B25156 /* Release */,
			);
			defaultConfigurationIsVisible = 0;
			defaultConfigurationName = Release;
		};
/* End XCConfigurationList section */
	};
	rootObject = 663E955228EBDDA700B25156 /* Project object */;
}
